
Microsoft Visual Studio Solution File, Format Version 12.00
# Visual Studio Version 17
Project("{8BC9CEB8-8B4A-11D0-8D11-00A0C91BC942}") = "KeyStar", "KeyStar\KeyStar.vcxproj", "{48846585-B463-E420-BD7B-6FF729DA4A82}"
EndProject
Project("{8BC9CEB8-8B4A-11D0-8D11-00A0C91BC942}") = "Teddy", "Teddy\Teddy.vcxproj", "{7F23280E-EB37-50BF-B4B9-F31E208D4CF0}"
EndProject
Global
	GlobalSection(SolutionConfigurationPlatforms) = preSolution
		Debug|x64 = Debug|x64
		Dist|x64 = Dist|x64
		Release|x64 = Release|x64
	EndGlobalSection
	GlobalSection(ProjectConfigurationPlatforms) = postSolution
		{48846585-B463-E420-BD7B-6FF729DA4A82}.Debug|x64.ActiveCfg = Debug|x64
		{48846585-B463-E420-BD7B-6FF729DA4A82}.Debug|x64.Build.0 = Debug|x64
		{48846585-B463-E420-BD7B-6FF729DA4A82}.Dist|x64.ActiveCfg = Dist|x64
		{48846585-B463-E420-BD7B-6FF729DA4A82}.Dist|x64.Build.0 = Dist|x64
		{48846585-B463-E420-BD7B-6FF729DA4A82}.Release|x64.ActiveCfg = Release|x64
		{48846585-B463-E420-BD7B-6FF729DA4A82}.Release|x64.Build.0 = Release|x64
		{7F23280E-EB37-50BF-B4B9-F31E208D4CF0}.Debug|x64.ActiveCfg = Debug|x64
		{7F23280E-EB37-50BF-B4B9-F31E208D4CF0}.Debug|x64.Build.0 = Debug|x64
		{7F23280E-EB37-50BF-B4B9-F31E208D4CF0}.Dist|x64.ActiveCfg = Dist|x64
		{7F23280E-EB37-50BF-B4B9-F31E208D4CF0}.Dist|x64.Build.0 = Dist|x64
		{7F23280E-EB37-50BF-B4B9-F31E208D4CF0}.Release|x64.ActiveCfg = Release|x64
		{7F23280E-EB37-50BF-B4B9-F31E208D4CF0}.Release|x64.Build.0 = Release|x64
	EndGlobalSection
	GlobalSection(SolutionProperties) = preSolution
		HideSolutionNode = FALSE
	EndGlobalSection
EndGlobal
